// !$*UTF8*$!
{
	archiveVersion = 1;
	classes = {
	};
	objectVersion = 50;
	objects = {

/* Begin PBXBuildFile section */
		E95A23CC2375EA4C00F7B9B6 /* CustomerListTableViewController.swift in Sources */ = {isa = PBXBuildFile; fileRef = E95A23CB2375EA4C00F7B9B6 /* CustomerListTableViewController.swift */; };
		E95A23CE237603FB00F7B9B6 /* ShowBillDetailsViewController.swift in Sources */ = {isa = PBXBuildFile; fileRef = E95A23CD237603FB00F7B9B6 /* ShowBillDetailsViewController.swift */; };
		E95A23D02376072300F7B9B6 /* AddNewBillViewController.swift in Sources */ = {isa = PBXBuildFile; fileRef = E95A23CF2376072300F7B9B6 /* AddNewBillViewController.swift */; };
		E95A23D223760AC800F7B9B6 /* AddNewCustomersViewController.swift in Sources */ = {isa = PBXBuildFile; fileRef = E95A23D123760AC800F7B9B6 /* AddNewCustomersViewController.swift */; };
		E95A23D523760FB900F7B9B6 /* output-onlinejpgtools.png in Resources */ = {isa = PBXBuildFile; fileRef = E95A23D423760FB900F7B9B6 /* output-onlinejpgtools.png */; };
		E95A23D823762CA300F7B9B6 /* String+Validation.swift in Sources */ = {isa = PBXBuildFile; fileRef = E95A23D723762CA300F7B9B6 /* String+Validation.swift */; };
		E95A23DA23762D1800F7B9B6 /* ATErrorMessage.swift in Sources */ = {isa = PBXBuildFile; fileRef = E95A23D923762D1800F7B9B6 /* ATErrorMessage.swift */; };
		E95A23DC23762E5100F7B9B6 /* DataUsed.swift in Sources */ = {isa = PBXBuildFile; fileRef = E95A23DB23762E5100F7B9B6 /* DataUsed.swift */; };
		E95A23DE23762F5300F7B9B6 /* Global.swift in Sources */ = {isa = PBXBuildFile; fileRef = E95A23DD23762F5300F7B9B6 /* Global.swift */; };
		E95A23E023762FF200F7B9B6 /* ATButton.swift in Sources */ = {isa = PBXBuildFile; fileRef = E95A23DF23762FF200F7B9B6 /* ATButton.swift */; };
		E95A23E423764E7500F7B9B6 /* Bill copy.swift in Sources */ = {isa = PBXBuildFile; fileRef = E95A23E323764E7500F7B9B6 /* Bill copy.swift */; };
		E95A23E623764E8800F7B9B6 /* CurrencyExtn.swift in Sources */ = {isa = PBXBuildFile; fileRef = E95A23E523764E8800F7B9B6 /* CurrencyExtn.swift */; };
		E95A23E823764E9100F7B9B6 /* Customer copy.swift in Sources */ = {isa = PBXBuildFile; fileRef = E95A23E723764E9100F7B9B6 /* Customer copy.swift */; };
		E95A23EA23764E9900F7B9B6 /* DateExtension.swift in Sources */ = {isa = PBXBuildFile; fileRef = E95A23E923764E9900F7B9B6 /* DateExtension.swift */; };
		E95A23EC23764EA100F7B9B6 /* Internet copy.swift in Sources */ = {isa = PBXBuildFile; fileRef = E95A23EB23764EA100F7B9B6 /* Internet copy.swift */; };
		E95A23EE23764EAB00F7B9B6 /* IDisplay copy.swift in Sources */ = {isa = PBXBuildFile; fileRef = E95A23ED23764EAB00F7B9B6 /* IDisplay copy.swift */; };
		E95A23F023764EBC00F7B9B6 /* Hydro copy.swift in Sources */ = {isa = PBXBuildFile; fileRef = E95A23EF23764EBC00F7B9B6 /* Hydro copy.swift */; };
		E95A23F223764EC600F7B9B6 /* MinuteExt.swift in Sources */ = {isa = PBXBuildFile; fileRef = E95A23F123764EC600F7B9B6 /* MinuteExt.swift */; };
		E95A23F4237650CD00F7B9B6 /* BillDetailsTableViewCell.swift in Sources */ = {isa = PBXBuildFile; fileRef = E95A23F3237650CD00F7B9B6 /* BillDetailsTableViewCell.swift */; };
		E9D2A7422375C4AD00BAC439 /* AppDelegate.swift in Sources */ = {isa = PBXBuildFile; fileRef = E9D2A7412375C4AD00BAC439 /* AppDelegate.swift */; };
		E9D2A7442375C4AD00BAC439 /* SceneDelegate.swift in Sources */ = {isa = PBXBuildFile; fileRef = E9D2A7432375C4AD00BAC439 /* SceneDelegate.swift */; };
		E9D2A7462375C4AD00BAC439 /* LoginViewController.swift in Sources */ = {isa = PBXBuildFile; fileRef = E9D2A7452375C4AD00BAC439 /* LoginViewController.swift */; };
		E9D2A7492375C4AD00BAC439 /* Main.storyboard in Resources */ = {isa = PBXBuildFile; fileRef = E9D2A7472375C4AD00BAC439 /* Main.storyboard */; };
		E9D2A74B2375C4AD00BAC439 /* Assets.xcassets in Resources */ = {isa = PBXBuildFile; fileRef = E9D2A74A2375C4AD00BAC439 /* Assets.xcassets */; };
		E9D2A74E2375C4AD00BAC439 /* LaunchScreen.storyboard in Resources */ = {isa = PBXBuildFile; fileRef = E9D2A74C2375C4AD00BAC439 /* LaunchScreen.storyboard */; };
/* End PBXBuildFile section */

/* Begin PBXFileReference section */
		E95A23CB2375EA4C00F7B9B6 /* CustomerListTableViewController.swift */ = {isa = PBXFileReference; lastKnownFileType = sourcecode.swift; path = CustomerListTableViewController.swift; sourceTree = "<group>"; };
		E95A23CD237603FB00F7B9B6 /* ShowBillDetailsViewController.swift */ = {isa = PBXFileReference; lastKnownFileType = sourcecode.swift; path = ShowBillDetailsViewController.swift; sourceTree = "<group>"; };
		E95A23CF2376072300F7B9B6 /* AddNewBillViewController.swift */ = {isa = PBXFileReference; lastKnownFileType = sourcecode.swift; path = AddNewBillViewController.swift; sourceTree = "<group>"; };
		E95A23D123760AC800F7B9B6 /* AddNewCustomersViewController.swift */ = {isa = PBXFileReference; lastKnownFileType = sourcecode.swift; path = AddNewCustomersViewController.swift; sourceTree = "<group>"; };
		E95A23D423760FB900F7B9B6 /* output-onlinejpgtools.png */ = {isa = PBXFileReference; lastKnownFileType = image.png; path = "output-onlinejpgtools.png"; sourceTree = "<group>"; };
		E95A23D723762CA300F7B9B6 /* String+Validation.swift */ = {isa = PBXFileReference; fileEncoding = 4; lastKnownFileType = sourcecode.swift; path = "String+Validation.swift"; sourceTree = "<group>"; };
		E95A23D923762D1800F7B9B6 /* ATErrorMessage.swift */ = {isa = PBXFileReference; fileEncoding = 4; lastKnownFileType = sourcecode.swift; path = ATErrorMessage.swift; sourceTree = "<group>"; };
		E95A23DB23762E5100F7B9B6 /* DataUsed.swift */ = {isa = PBXFileReference; fileEncoding = 4; lastKnownFileType = sourcecode.swift; path = DataUsed.swift; sourceTree = "<group>"; };
		E95A23DD23762F5300F7B9B6 /* Global.swift */ = {isa = PBXFileReference; fileEncoding = 4; lastKnownFileType = sourcecode.swift; path = Global.swift; sourceTree = "<group>"; };
		E95A23DF23762FF200F7B9B6 /* ATButton.swift */ = {isa = PBXFileReference; fileEncoding = 4; lastKnownFileType = sourcecode.swift; path = ATButton.swift; sourceTree = "<group>"; };
		E95A23E323764E7500F7B9B6 /* Bill copy.swift */ = {isa = PBXFileReference; fileEncoding = 4; lastKnownFileType = sourcecode.swift; path = "Bill copy.swift"; sourceTree = "<group>"; };
		E95A23E523764E8800F7B9B6 /* CurrencyExtn.swift */ = {isa = PBXFileReference; fileEncoding = 4; lastKnownFileType = sourcecode.swift; path = CurrencyExtn.swift; sourceTree = "<group>"; };
		E95A23E723764E9100F7B9B6 /* Customer copy.swift */ = {isa = PBXFileReference; fileEncoding = 4; lastKnownFileType = sourcecode.swift; path = "Customer copy.swift"; sourceTree = "<group>"; };
		E95A23E923764E9900F7B9B6 /* DateExtension.swift */ = {isa = PBXFileReference; fileEncoding = 4; lastKnownFileType = sourcecode.swift; path = DateExtension.swift; sourceTree = "<group>"; };
		E95A23EB23764EA100F7B9B6 /* Internet copy.swift */ = {isa = PBXFileReference; fileEncoding = 4; lastKnownFileType = sourcecode.swift; path = "Internet copy.swift"; sourceTree = "<group>"; };
		E95A23ED23764EAB00F7B9B6 /* IDisplay copy.swift */ = {isa = PBXFileReference; fileEncoding = 4; lastKnownFileType = sourcecode.swift; path = "IDisplay copy.swift"; sourceTree = "<group>"; };
		E95A23EF23764EBC00F7B9B6 /* Hydro copy.swift */ = {isa = PBXFileReference; fileEncoding = 4; lastKnownFileType = sourcecode.swift; path = "Hydro copy.swift"; sourceTree = "<group>"; };
		E95A23F123764EC600F7B9B6 /* MinuteExt.swift */ = {isa = PBXFileReference; fileEncoding = 4; lastKnownFileType = sourcecode.swift; path = MinuteExt.swift; sourceTree = "<group>"; };
		E95A23F3237650CD00F7B9B6 /* BillDetailsTableViewCell.swift */ = {isa = PBXFileReference; fileEncoding = 4; lastKnownFileType = sourcecode.swift; path = BillDetailsTableViewCell.swift; sourceTree = "<group>"; };
		E9D2A73E2375C4AD00BAC439 /* C0765775_MidTerm_MAD3115F2019.app */ = {isa = PBXFileReference; explicitFileType = wrapper.application; includeInIndex = 0; path = C0765775_MidTerm_MAD3115F2019.app; sourceTree = BUILT_PRODUCTS_DIR; };
		E9D2A7412375C4AD00BAC439 /* AppDelegate.swift */ = {isa = PBXFileReference; lastKnownFileType = sourcecode.swift; path = AppDelegate.swift; sourceTree = "<group>"; };
		E9D2A7432375C4AD00BAC439 /* SceneDelegate.swift */ = {isa = PBXFileReference; lastKnownFileType = sourcecode.swift; path = SceneDelegate.swift; sourceTree = "<group>"; };
		E9D2A7452375C4AD00BAC439 /* LoginViewController.swift */ = {isa = PBXFileReference; lastKnownFileType = sourcecode.swift; path = LoginViewController.swift; sourceTree = "<group>"; };
		E9D2A7482375C4AD00BAC439 /* Base */ = {isa = PBXFileReference; lastKnownFileType = file.storyboard; name = Base; path = Base.lproj/Main.storyboard; sourceTree = "<group>"; };
		E9D2A74A2375C4AD00BAC439 /* Assets.xcassets */ = {isa = PBXFileReference; lastKnownFileType = folder.assetcatalog; path = Assets.xcassets; sourceTree = "<group>"; };
		E9D2A74D2375C4AD00BAC439 /* Base */ = {isa = PBXFileReference; lastKnownFileType = file.storyboard; name = Base; path = Base.lproj/LaunchScreen.storyboard; sourceTree = "<group>"; };
		E9D2A74F2375C4AD00BAC439 /* Info.plist */ = {isa = PBXFileReference; lastKnownFileType = text.plist.xml; path = Info.plist; sourceTree = "<group>"; };
/* End PBXFileReference section */

/* Begin PBXFrameworksBuildPhase section */
		E9D2A73B2375C4AD00BAC439 /* Frameworks */ = {
			isa = PBXFrameworksBuildPhase;
			buildActionMask = 2147483647;
			files = (
			);
			runOnlyForDeploymentPostprocessing = 0;
		};
/* End PBXFrameworksBuildPhase section */

/* Begin PBXGroup section */
		E95A23D323760F9E00F7B9B6 /* Images */ = {
			isa = PBXGroup;
			children = (
				E95A23D423760FB900F7B9B6 /* output-onlinejpgtools.png */,
			);
			path = Images;
			sourceTree = "<group>";
		};
		E95A23D623762C7E00F7B9B6 /* Extensions */ = {
			isa = PBXGroup;
			children = (
				E95A23F123764EC600F7B9B6 /* MinuteExt.swift */,
				E95A23EF23764EBC00F7B9B6 /* Hydro copy.swift */,
				E95A23ED23764EAB00F7B9B6 /* IDisplay copy.swift */,
				E95A23EB23764EA100F7B9B6 /* Internet copy.swift */,
				E95A23E923764E9900F7B9B6 /* DateExtension.swift */,
				E95A23E723764E9100F7B9B6 /* Customer copy.swift */,
				E95A23E523764E8800F7B9B6 /* CurrencyExtn.swift */,
				E95A23E323764E7500F7B9B6 /* Bill copy.swift */,
				E95A23DF23762FF200F7B9B6 /* ATButton.swift */,
				E95A23DD23762F5300F7B9B6 /* Global.swift */,
				E95A23DB23762E5100F7B9B6 /* DataUsed.swift */,
				E95A23D923762D1800F7B9B6 /* ATErrorMessage.swift */,
				E95A23D723762CA300F7B9B6 /* String+Validation.swift */,
				E95A23F3237650CD00F7B9B6 /* BillDetailsTableViewCell.swift */,
			);
			path = Extensions;
			sourceTree = "<group>";
		};
		E9D2A7352375C4AD00BAC439 = {
			isa = PBXGroup;
			children = (
				E9D2A7402375C4AD00BAC439 /* C0765775_MidTerm_MAD3115F2019 */,
				E9D2A73F2375C4AD00BAC439 /* Products */,
			);
			sourceTree = "<group>";
		};
		E9D2A73F2375C4AD00BAC439 /* Products */ = {
			isa = PBXGroup;
			children = (
				E9D2A73E2375C4AD00BAC439 /* C0765775_MidTerm_MAD3115F2019.app */,
			);
			name = Products;
			sourceTree = "<group>";
		};
		E9D2A7402375C4AD00BAC439 /* C0765775_MidTerm_MAD3115F2019 */ = {
			isa = PBXGroup;
			children = (
				E95A23D623762C7E00F7B9B6 /* Extensions */,
				E95A23D323760F9E00F7B9B6 /* Images */,
				E9D2A7412375C4AD00BAC439 /* AppDelegate.swift */,
				E9D2A7432375C4AD00BAC439 /* SceneDelegate.swift */,
				E9D2A7452375C4AD00BAC439 /* LoginViewController.swift */,
				E9D2A7472375C4AD00BAC439 /* Main.storyboard */,
				E9D2A74A2375C4AD00BAC439 /* Assets.xcassets */,
				E9D2A74C2375C4AD00BAC439 /* LaunchScreen.storyboard */,
				E9D2A74F2375C4AD00BAC439 /* Info.plist */,
				E95A23CB2375EA4C00F7B9B6 /* CustomerListTableViewController.swift */,
				E95A23CD237603FB00F7B9B6 /* ShowBillDetailsViewController.swift */,
				E95A23CF2376072300F7B9B6 /* AddNewBillViewController.swift */,
				E95A23D123760AC800F7B9B6 /* AddNewCustomersViewController.swift */,
			);
			path = C0765775_MidTerm_MAD3115F2019;
			sourceTree = "<group>";
		};
/* End PBXGroup section */

/* Begin PBXNativeTarget section */
		E9D2A73D2375C4AD00BAC439 /* C0765775_MidTerm_MAD3115F2019 */ = {
			isa = PBXNativeTarget;
			buildConfigurationList = E9D2A7522375C4AD00BAC439 /* Build configuration list for PBXNativeTarget "C0765775_MidTerm_MAD3115F2019" */;
			buildPhases = (
				E9D2A73A2375C4AD00BAC439 /* Sources */,
				E9D2A73B2375C4AD00BAC439 /* Frameworks */,
				E9D2A73C2375C4AD00BAC439 /* Resources */,
			);
			buildRules = (
			);
			dependencies = (
			);
			name = C0765775_MidTerm_MAD3115F2019;
			productName = C0765775_MidTerm_MAD3115F2019;
			productReference = E9D2A73E2375C4AD00BAC439 /* C0765775_MidTerm_MAD3115F2019.app */;
			productType = "com.apple.product-type.application";
		};
/* End PBXNativeTarget section */

/* Begin PBXProject section */
		E9D2A7362375C4AD00BAC439 /* Project object */ = {
			isa = PBXProject;
			attributes = {
				LastSwiftUpdateCheck = 1120;
				LastUpgradeCheck = 1120;
				ORGANIZATIONNAME = "Sai Teja";
				TargetAttributes = {
					E9D2A73D2375C4AD00BAC439 = {
						CreatedOnToolsVersion = 11.2;
					};
				};
			};
			buildConfigurationList = E9D2A7392375C4AD00BAC439 /* Build configuration list for PBXProject "C0765775_MidTerm_MAD3115F2019" */;
			compatibilityVersion = "Xcode 9.3";
			developmentRegion = en;
			hasScannedForEncodings = 0;
			knownRegions = (
				en,
				Base,
			);
			mainGroup = E9D2A7352375C4AD00BAC439;
			productRefGroup = E9D2A73F2375C4AD00BAC439 /* Products */;
			projectDirPath = "";
			projectRoot = "";
			targets = (
				E9D2A73D2375C4AD00BAC439 /* C0765775_MidTerm_MAD3115F2019 */,
			);
		};
/* End PBXProject section */

/* Begin PBXResourcesBuildPhase section */
		E9D2A73C2375C4AD00BAC439 /* Resources */ = {
			isa = PBXResourcesBuildPhase;
			buildActionMask = 2147483647;
			files = (
				E9D2A74E2375C4AD00BAC439 /* LaunchScreen.storyboard in Resources */,
				E95A23D523760FB900F7B9B6 /* output-onlinejpgtools.png in Resources */,
				E9D2A74B2375C4AD00BAC439 /* Assets.xcassets in Resources */,
				E9D2A7492375C4AD00BAC439 /* Main.storyboard in Resources */,
			);
			runOnlyForDeploymentPostprocessing = 0;
		};
/* End PBXResourcesBuildPhase section */

/* Begin PBXSourcesBuildPhase section */
		E9D2A73A2375C4AD00BAC439 /* Sources */ = {
			isa = PBXSourcesBuildPhase;
			buildActionMask = 2147483647;
			files = (
				E95A23E423764E7500F7B9B6 /* Bill copy.swift in Sources */,
				E95A23F4237650CD00F7B9B6 /* BillDetailsTableViewCell.swift in Sources */,
				E95A23D223760AC800F7B9B6 /* AddNewCustomersViewController.swift in Sources */,
				E95A23CE237603FB00F7B9B6 /* ShowBillDetailsViewController.swift in Sources */,
				E95A23F023764EBC00F7B9B6 /* Hydro copy.swift in Sources */,
				E9D2A7462375C4AD00BAC439 /* LoginViewController.swift in Sources */,
				E95A23F223764EC600F7B9B6 /* MinuteExt.swift in Sources */,
				E95A23CC2375EA4C00F7B9B6 /* CustomerListTableViewController.swift in Sources */,
				E95A23DC23762E5100F7B9B6 /* DataUsed.swift in Sources */,
				E95A23DA23762D1800F7B9B6 /* ATErrorMessage.swift in Sources */,
				E95A23E623764E8800F7B9B6 /* CurrencyExtn.swift in Sources */,
				E95A23E023762FF200F7B9B6 /* ATButton.swift in Sources */,
				E95A23EA23764E9900F7B9B6 /* DateExtension.swift in Sources */,
				E95A23EE23764EAB00F7B9B6 /* IDisplay copy.swift in Sources */,
				E95A23EC23764EA100F7B9B6 /* Internet copy.swift in Sources */,
				E95A23E823764E9100F7B9B6 /* Customer copy.swift in Sources */,
				E95A23DE23762F5300F7B9B6 /* Global.swift in Sources */,
				E9D2A7422375C4AD00BAC439 /* AppDelegate.swift in Sources */,
				E95A23D02376072300F7B9B6 /* AddNewBillViewController.swift in Sources */,
				E9D2A7442375C4AD00BAC439 /* SceneDelegate.swift in Sources */,
				E95A23D823762CA300F7B9B6 /* String+Validation.swift in Sources */,
			);
			runOnlyForDeploymentPostprocessing = 0;
		};
/* End PBXSourcesBuildPhase section */

/* Begin PBXVariantGroup section */
		E9D2A7472375C4AD00BAC439 /* Main.storyboard */ = {
			isa = PBXVariantGroup;
			children = (
				E9D2A7482375C4AD00BAC439 /* Base */,
			);
			name = Main.storyboard;
			sourceTree = "<group>";
		};
		E9D2A74C2375C4AD00BAC439 /* LaunchScreen.storyboard */ = {
			isa = PBXVariantGroup;
			children = (
				E9D2A74D2375C4AD00BAC439 /* Base */,
			);
			name = LaunchScreen.storyboard;
			sourceTree = "<group>";
		};
/* End PBXVariantGroup section */

/* Begin XCBuildConfiguration section */
		E9D2A7502375C4AD00BAC439 /* Debug */ = {
			isa = XCBuildConfiguration;
			buildSettings = {
				ALWAYS_SEARCH_USER_PATHS = NO;
				CLANG_ANALYZER_NONNULL = YES;
				CLANG_ANALYZER_NUMBER_OBJECT_CONVERSION = YES_AGGRESSIVE;
				CLANG_CXX_LANGUAGE_STANDARD = "gnu++14";
				CLANG_CXX_LIBRARY = "libc++";
				CLANG_ENABLE_MODULES = YES;
				CLANG_ENABLE_OBJC_ARC = YES;
				CLANG_ENABLE_OBJC_WEAK = YES;
				CLANG_WARN_BLOCK_CAPTURE_AUTORELEASING = YES;
				CLANG_WARN_BOOL_CONVERSION = YES;
				CLANG_WARN_COMMA = YES;
				CLANG_WARN_CONSTANT_CONVERSION = YES;
				CLANG_WARN_DEPRECATED_OBJC_IMPLEMENTATIONS = YES;
				CLANG_WARN_DIRECT_OBJC_ISA_USAGE = YES_ERROR;
				CLANG_WARN_DOCUMENTATION_COMMENTS = YES;
				CLANG_WARN_EMPTY_BODY = YES;
				CLANG_WARN_ENUM_CONVERSION = YES;
				CLANG_WARN_INFINITE_RECURSION = YES;
				CLANG_WARN_INT_CONVERSION = YES;
				CLANG_WARN_NON_LITERAL_NULL_CONVERSION = YES;
				CLANG_WARN_OBJC_IMPLICIT_RETAIN_SELF = YES;
				CLANG_WARN_OBJC_LITERAL_CONVERSION = YES;
				CLANG_WARN_OBJC_ROOT_CLASS = YES_ERROR;
				CLANG_WARN_RANGE_LOOP_ANALYSIS = YES;
				CLANG_WARN_STRICT_PROTOTYPES = YES;
				CLANG_WARN_SUSPICIOUS_MOVE = YES;
				CLANG_WARN_UNGUARDED_AVAILABILITY = YES_AGGRESSIVE;
				CLANG_WARN_UNREACHABLE_CODE = YES;
				CLANG_WARN__DUPLICATE_METHOD_MATCH = YES;
				COPY_PHASE_STRIP = NO;
				DEBUG_INFORMATION_FORMAT = dwarf;
				ENABLE_STRICT_OBJC_MSGSEND = YES;
				ENABLE_TESTABILITY = YES;
				GCC_C_LANGUAGE_STANDARD = gnu11;
				GCC_DYNAMIC_NO_PIC = NO;
				GCC_NO_COMMON_BLOCKS = YES;
				GCC_OPTIMIZATION_LEVEL = 0;
				GCC_PREPROCESSOR_DEFINITIONS = (
					"DEBUG=1",
					"$(inherited)",
				);
				GCC_WARN_64_TO_32_BIT_CONVERSION = YES;
				GCC_WARN_ABOUT_RETURN_TYPE = YES_ERROR;
				GCC_WARN_UNDECLARED_SELECTOR = YES;
				GCC_WARN_UNINITIALIZED_AUTOS = YES_AGGRESSIVE;
				GCC_WARN_UNUSED_FUNCTION = YES;
				GCC_WARN_UNUSED_VARIABLE = YES;
				IPHONEOS_DEPLOYMENT_TARGET = 13.2;
				MTL_ENABLE_DEBUG_INFO = INCLUDE_SOURCE;
				MTL_FAST_MATH = YES;
				ONLY_ACTIVE_ARCH = YES;
				SDKROOT = iphoneos;
				SWIFT_ACTIVE_COMPILATION_CONDITIONS = DEBUG;
				SWIFT_OPTIMIZATION_LEVEL = "-Onone";
			};
			name = Debug;
		};
		E9D2A7512375C4AD00BAC439 /* Release */ = {
			isa = XCBuildConfiguration;
			buildSettings = {
				ALWAYS_SEARCH_USER_PATHS = NO;
				CLANG_ANALYZER_NONNULL = YES;
				CLANG_ANALYZER_NUMBER_OBJECT_CONVERSION = YES_AGGRESSIVE;
				CLANG_CXX_LANGUAGE_STANDARD = "gnu++14";
				CLANG_CXX_LIBRARY = "libc++";
				CLANG_ENABLE_MODULES = YES;
				CLANG_ENABLE_OBJC_ARC = YES;
				CLANG_ENABLE_OBJC_WEAK = YES;
				CLANG_WARN_BLOCK_CAPTURE_AUTORELEASING = YES;
				CLANG_WARN_BOOL_CONVERSION = YES;
				CLANG_WARN_COMMA = YES;
				CLANG_WARN_CONSTANT_CONVERSION = YES;
				CLANG_WARN_DEPRECATED_OBJC_IMPLEMENTATIONS = YES;
				CLANG_WARN_DIRECT_OBJC_ISA_USAGE = YES_ERROR;
				CLANG_WARN_DOCUMENTATION_COMMENTS = YES;
				CLANG_WARN_EMPTY_BODY = YES;
				CLANG_WARN_ENUM_CONVERSION = YES;
				CLANG_WARN_INFINITE_RECURSION = YES;
				CLANG_WARN_INT_CONVERSION = YES;
				CLANG_WARN_NON_LITERAL_NULL_CONVERSION = YES;
				CLANG_WARN_OBJC_IMPLICIT_RETAIN_SELF = YES;
				CLANG_WARN_OBJC_LITERAL_CONVERSION = YES;
				CLANG_WARN_OBJC_ROOT_CLASS = YES_ERROR;
				CLANG_WARN_RANGE_LOOP_ANALYSIS = YES;
				CLANG_WARN_STRICT_PROTOTYPES = YES;
				CLANG_WARN_SUSPICIOUS_MOVE = YES;
				CLANG_WARN_UNGUARDED_AVAILABILITY = YES_AGGRESSIVE;
				CLANG_WARN_UNREACHABLE_CODE = YES;
				CLANG_WARN__DUPLICATE_METHOD_MATCH = YES;
				COPY_PHASE_STRIP = NO;
				DEBUG_INFORMATION_FORMAT = "dwarf-with-dsym";
				ENABLE_NS_ASSERTIONS = NO;
				ENABLE_STRICT_OBJC_MSGSEND = YES;
				GCC_C_LANGUAGE_STANDARD = gnu11;
				GCC_NO_COMMON_BLOCKS = YES;
				GCC_WARN_64_TO_32_BIT_CONVERSION = YES;
				GCC_WARN_ABOUT_RETURN_TYPE = YES_ERROR;
				GCC_WARN_UNDECLARED_SELECTOR = YES;
				GCC_WARN_UNINITIALIZED_AUTOS = YES_AGGRESSIVE;
				GCC_WARN_UNUSED_FUNCTION = YES;
				GCC_WARN_UNUSED_VARIABLE = YES;
				IPHONEOS_DEPLOYMENT_TARGET = 13.2;
				MTL_ENABLE_DEBUG_INFO = NO;
				MTL_FAST_MATH = YES;
				SDKROOT = iphoneos;
				SWIFT_COMPILATION_MODE = wholemodule;
				SWIFT_OPTIMIZATION_LEVEL = "-O";
				VALIDATE_PRODUCT = YES;
			};
			name = Release;
		};
		E9D2A7532375C4AD00BAC439 /* Debug */ = {
			isa = XCBuildConfiguration;
			buildSettings = {
				ASSETCATALOG_COMPILER_APPICON_NAME = AppIcon;
				CODE_SIGN_STYLE = Automatic;
				DEVELOPMENT_TEAM = 68UCFML6RA;
				INFOPLIST_FILE = C0765775_MidTerm_MAD3115F2019/Info.plist;
				LD_RUNPATH_SEARCH_PATHS = (
					"$(inherited)",
					"@executable_path/Frameworks",
				);
				PRODUCT_BUNDLE_IDENTIFIER = "com.myproject.sai.C0765775-MidTerm-MAD3115F2019";
				PRODUCT_NAME = "$(TARGET_NAME)";
				SWIFT_VERSION = 5.0;
				TARGETED_DEVICE_FAMILY = "1,2";
			};
			name = Debug;
		};
		E9D2A7542375C4AD00BAC439 /* Release */ = {
			isa = XCBuildConfiguration;
			buildSettings = {
				ASSETCATALOG_COMPILER_APPICON_NAME = AppIcon;
				CODE_SIGN_STYLE = Automatic;
				DEVELOPMENT_TEAM = 68UCFML6RA;
				INFOPLIST_FILE = C0765775_MidTerm_MAD3115F2019/Info.plist;
				LD_RUNPATH_SEARCH_PATHS = (
					"$(inherited)",
					"@executable_path/Frameworks",
				);
				PRODUCT_BUNDLE_IDENTIFIER = "com.myproject.sai.C0765775-MidTerm-MAD3115F2019";
				PRODUCT_NAME = "$(TARGET_NAME)";
				SWIFT_VERSION = 5.0;
				TARGETED_DEVICE_FAMILY = "1,2";
			};
			name = Release;
		};
/* End XCBuildConfiguration section */

/* Begin XCConfigurationList section */
		E9D2A7392375C4AD00BAC439 /* Build configuration list for PBXProject "C0765775_MidTerm_MAD3115F2019" */ = {
			isa = XCConfigurationList;
			buildConfigurations = (
				E9D2A7502375C4AD00BAC439 /* Debug */,
				E9D2A7512375C4AD00BAC439 /* Release */,
			);
			defaultConfigurationIsVisible = 0;
			defaultConfigurationName = Release;
		};
		E9D2A7522375C4AD00BAC439 /* Build configuration list for PBXNativeTarget "C0765775_MidTerm_MAD3115F2019" */ = {
			isa = XCConfigurationList;
			buildConfigurations = (
				E9D2A7532375C4AD00BAC439 /* Debug */,
				E9D2A7542375C4AD00BAC439 /* Release */,
			);
			defaultConfigurationIsVisible = 0;
			defaultConfigurationName = Release;
		};
/* End XCConfigurationList section */
	};
	rootObject = E9D2A7362375C4AD00BAC439 /* Project object */;
}
